// !$*UTF8*$!
{
	archiveVersion = 1;
	classes = {
	};
	objectVersion = 51;
	objects = {

/* Begin PBXBuildFile section */
		02A90D76CE92C48FA623FED6 /* Pods_MealSnap.framework in Frameworks */ = {isa = PBXBuildFile; fileRef = EE2BA2A905B0C5174B54FF1D /* Pods_MealSnap.framework */; };
		290F5498ABB0D8A156FED854 /* Pods_MealSnap_MealSnapUITests.framework in Frameworks */ = {isa = PBXBuildFile; fileRef = 03C9904A90FFEF342B44530C /* Pods_MealSnap_MealSnapUITests.framework */; };
		5A04A1F12641F11E003FECB1 /* SearchUserTableViewCell.swift in Sources */ = {isa = PBXBuildFile; fileRef = 5A04A1EF2641F11E003FECB1 /* SearchUserTableViewCell.swift */; };
		5A04A1F22641F11E003FECB1 /* SearchUserTableViewCell.xib in Resources */ = {isa = PBXBuildFile; fileRef = 5A04A1F02641F11E003FECB1 /* SearchUserTableViewCell.xib */; };
		5A09943C264DC57A00F53EE6 /* AppPreference.swift in Sources */ = {isa = PBXBuildFile; fileRef = 5A09943B264DC57A00F53EE6 /* AppPreference.swift */; };
		5A09943F264DC97D00F53EE6 /* ImageOnlyTableViewCell.swift in Sources */ = {isa = PBXBuildFile; fileRef = 5A09943D264DC97D00F53EE6 /* ImageOnlyTableViewCell.swift */; };
		5A099440264DC97D00F53EE6 /* ImageOnlyTableViewCell.xib in Resources */ = {isa = PBXBuildFile; fileRef = 5A09943E264DC97D00F53EE6 /* ImageOnlyTableViewCell.xib */; };
		5A13365F26092710008CC957 /* LoginViewController.swift in Sources */ = {isa = PBXBuildFile; fileRef = 5A13365E26092710008CC957 /* LoginViewController.swift */; };
		5A13366726093166008CC957 /* SignupViewController.swift in Sources */ = {isa = PBXBuildFile; fileRef = 5A13366626093166008CC957 /* SignupViewController.swift */; };
		5A1336752609418D008CC957 /* GalleryViewController.swift in Sources */ = {isa = PBXBuildFile; fileRef = 5A1336742609418D008CC957 /* GalleryViewController.swift */; };
		5A1FC4AB2639E8FC00863359 /* GalleryImageTableViewCell.swift in Sources */ = {isa = PBXBuildFile; fileRef = 5A1FC4A92639E8FC00863359 /* GalleryImageTableViewCell.swift */; };
		5A1FC4AC2639E8FC00863359 /* GalleryImageTableViewCell.xib in Resources */ = {isa = PBXBuildFile; fileRef = 5A1FC4AA2639E8FC00863359 /* GalleryImageTableViewCell.xib */; };
		5A22A58A261F91EA0030286C /* MealSnapAPI.swift in Sources */ = {isa = PBXBuildFile; fileRef = 5A22A589261F91EA0030286C /* MealSnapAPI.swift */; };
		5A22A595261F92740030286C /* Services.swift in Sources */ = {isa = PBXBuildFile; fileRef = 5A22A594261F92740030286C /* Services.swift */; };
		5A27CDCD2643BDB00057F7A9 /* GalleryImage.swift in Sources */ = {isa = PBXBuildFile; fileRef = 5A27CDCC2643BDB00057F7A9 /* GalleryImage.swift */; };
		5A2B763326390E5400377272 /* Gallery.swift in Sources */ = {isa = PBXBuildFile; fileRef = 5A2B763226390E5400377272 /* Gallery.swift */; };
		5A2E9D6D2609B147003D37C2 /* ExploreViewController.swift in Sources */ = {isa = PBXBuildFile; fileRef = 5A2E9D6C2609B147003D37C2 /* ExploreViewController.swift */; };
		5A40EB2226080CD7002493FA /* AppDelegate.swift in Sources */ = {isa = PBXBuildFile; fileRef = 5A40EB2126080CD7002493FA /* AppDelegate.swift */; };
		5A40EB2426080CD7002493FA /* SceneDelegate.swift in Sources */ = {isa = PBXBuildFile; fileRef = 5A40EB2326080CD7002493FA /* SceneDelegate.swift */; };
		5A40EB2626080CD7002493FA /* Onboarding.swift in Sources */ = {isa = PBXBuildFile; fileRef = 5A40EB2526080CD7002493FA /* Onboarding.swift */; };
		5A40EB2926080CD7002493FA /* Main.storyboard in Resources */ = {isa = PBXBuildFile; fileRef = 5A40EB2726080CD7002493FA /* Main.storyboard */; };
		5A40EB2B26080CD8002493FA /* Assets.xcassets in Resources */ = {isa = PBXBuildFile; fileRef = 5A40EB2A26080CD8002493FA /* Assets.xcassets */; };
		5A40EB2E26080CD8002493FA /* LaunchScreen.storyboard in Resources */ = {isa = PBXBuildFile; fileRef = 5A40EB2C26080CD8002493FA /* LaunchScreen.storyboard */; };
		5A40EB3926080CD8002493FA /* MealSnapTests.swift in Sources */ = {isa = PBXBuildFile; fileRef = 5A40EB3826080CD8002493FA /* MealSnapTests.swift */; };
		5A40EB4426080CD8002493FA /* MealSnapUITests.swift in Sources */ = {isa = PBXBuildFile; fileRef = 5A40EB4326080CD8002493FA /* MealSnapUITests.swift */; };
		5A4423C52647515000A07C13 /* woosh.mp3 in Resources */ = {isa = PBXBuildFile; fileRef = 5A4423C42647515000A07C13 /* woosh.mp3 */; };
		5A4423C72647516300A07C13 /* AudioService.swift in Sources */ = {isa = PBXBuildFile; fileRef = 5A4423C62647516300A07C13 /* AudioService.swift */; };
		5A444A552650681800963E90 /* LoadingIndicator.swift in Sources */ = {isa = PBXBuildFile; fileRef = 5A444A542650681800963E90 /* LoadingIndicator.swift */; };
		5A444A57265077F200963E90 /* UITextField.swift in Sources */ = {isa = PBXBuildFile; fileRef = 5A444A56265077F200963E90 /* UITextField.swift */; };
		5A444A59265078E200963E90 /* UITextView.swift in Sources */ = {isa = PBXBuildFile; fileRef = 5A444A58265078E200963E90 /* UITextView.swift */; };
		5A444A5F26508FB000963E90 /* CreatePostTableViewCells.swift in Sources */ = {isa = PBXBuildFile; fileRef = 5A444A5E26508FB000963E90 /* CreatePostTableViewCells.swift */; };
		5A476D8D264E052400A5EDAB /* UIImageView.swift in Sources */ = {isa = PBXBuildFile; fileRef = 5A476D8C264E052400A5EDAB /* UIImageView.swift */; };
		5A55FF1C260AE61A00438984 /* StoryboardId.swift in Sources */ = {isa = PBXBuildFile; fileRef = 5A55FF1B260AE61A00438984 /* StoryboardId.swift */; };
		5A5F2CD22637F1BD002087A5 /* UserGalleryError.swift in Sources */ = {isa = PBXBuildFile; fileRef = 5A5F2CD12637F1BD002087A5 /* UserGalleryError.swift */; };
		5A5F2CD72637F1FF002087A5 /* UserGalleryAPIResponse.swift in Sources */ = {isa = PBXBuildFile; fileRef = 5A5F2CD62637F1FF002087A5 /* UserGalleryAPIResponse.swift */; };
		5A5F2CE22637F555002087A5 /* MealSnapAPIPageResponse.swift in Sources */ = {isa = PBXBuildFile; fileRef = 5A5F2CE12637F555002087A5 /* MealSnapAPIPageResponse.swift */; };
		5A734FB32609B8180008B576 /* SettingsViewController.swift in Sources */ = {isa = PBXBuildFile; fileRef = 5A734FB22609B8180008B576 /* SettingsViewController.swift */; };
		5A734FBE2609BA520008B576 /* AuthService.swift in Sources */ = {isa = PBXBuildFile; fileRef = 5A734FBD2609BA520008B576 /* AuthService.swift */; };
		5A8D46AF2651D0BB00797451 /* amplifyconfiguration.json in Resources */ = {isa = PBXBuildFile; fileRef = 5A8D46AD2651D0BB00797451 /* amplifyconfiguration.json */; };
		5A8D46B02651D0BB00797451 /* awsconfiguration.json in Resources */ = {isa = PBXBuildFile; fileRef = 5A8D46AE2651D0BB00797451 /* awsconfiguration.json */; };
		5A9475F2260BEF7F00C22186 /* MainViewController.swift in Sources */ = {isa = PBXBuildFile; fileRef = 5A9475F1260BEF7F00C22186 /* MainViewController.swift */; };
		5AA228FC2622C9EA000022D5 /* MealSnapAPIError.swift in Sources */ = {isa = PBXBuildFile; fileRef = 5AA228FB2622C9EA000022D5 /* MealSnapAPIError.swift */; };
		5AA229012622CA37000022D5 /* MealSnapAPIResponse.swift in Sources */ = {isa = PBXBuildFile; fileRef = 5AA229002622CA37000022D5 /* MealSnapAPIResponse.swift */; };
		5ACE48542642293F00975000 /* Alert.swift in Sources */ = {isa = PBXBuildFile; fileRef = 5ACE48532642293F00975000 /* Alert.swift */; };
		5AD9639A26465A4000E22875 /* ImageDetailViewController.swift in Sources */ = {isa = PBXBuildFile; fileRef = 5AD9639926465A4000E22875 /* ImageDetailViewController.swift */; };
		5AE6C07D2651A57100EDF6F5 /* Theme.xcassets in Resources */ = {isa = PBXBuildFile; fileRef = 5AE6C07C2651A57100EDF6F5 /* Theme.xcassets */; };
		5AE6C07F2651B12D00EDF6F5 /* AppUIButton.swift in Sources */ = {isa = PBXBuildFile; fileRef = 5AE6C07E2651B12D00EDF6F5 /* AppUIButton.swift */; };
		5AE6C0812651B2AE00EDF6F5 /* AppUITextField.swift in Sources */ = {isa = PBXBuildFile; fileRef = 5AE6C0802651B2AE00EDF6F5 /* AppUITextField.swift */; };
		5AED5B11264091B600EA6565 /* User.swift in Sources */ = {isa = PBXBuildFile; fileRef = 5AED5B10264091B600EA6565 /* User.swift */; };
		5AFC2938261EB1C60058D20C /* CreatePostViewController.swift in Sources */ = {isa = PBXBuildFile; fileRef = 5AFC2937261EB1C60058D20C /* CreatePostViewController.swift */; };
		5AFC2941261ECEE40058D20C /* UserGallery.swift in Sources */ = {isa = PBXBuildFile; fileRef = 5AFC2940261ECEE40058D20C /* UserGallery.swift */; };
		A915414E3B5B052531C143BE /* Pods_MealSnapTests.framework in Frameworks */ = {isa = PBXBuildFile; fileRef = 1753A9BA492E237D404BEDB9 /* Pods_MealSnapTests.framework */; };
/* End PBXBuildFile section */

/* Begin PBXContainerItemProxy section */
		5A40EB3526080CD8002493FA /* PBXContainerItemProxy */ = {
			isa = PBXContainerItemProxy;
			containerPortal = 5A40EB1626080CD7002493FA /* Project object */;
			proxyType = 1;
			remoteGlobalIDString = 5A40EB1D26080CD7002493FA;
			remoteInfo = MealSnap;
		};
		5A40EB4026080CD8002493FA /* PBXContainerItemProxy */ = {
			isa = PBXContainerItemProxy;
			containerPortal = 5A40EB1626080CD7002493FA /* Project object */;
			proxyType = 1;
			remoteGlobalIDString = 5A40EB1D26080CD7002493FA;
			remoteInfo = MealSnap;
		};
/* End PBXContainerItemProxy section */

/* Begin PBXFileReference section */
		03C9904A90FFEF342B44530C /* Pods_MealSnap_MealSnapUITests.framework */ = {isa = PBXFileReference; explicitFileType = wrapper.framework; includeInIndex = 0; path = Pods_MealSnap_MealSnapUITests.framework; sourceTree = BUILT_PRODUCTS_DIR; };
		03DF2D438C8C0292E4547200 /* Pods-MealSnapTests.release.xcconfig */ = {isa = PBXFileReference; includeInIndex = 1; lastKnownFileType = text.xcconfig; name = "Pods-MealSnapTests.release.xcconfig"; path = "Target Support Files/Pods-MealSnapTests/Pods-MealSnapTests.release.xcconfig"; sourceTree = "<group>"; };
		12669E5D750E85766380725E /* Pods-MealSnap-MealSnapUITests.release.xcconfig */ = {isa = PBXFileReference; includeInIndex = 1; lastKnownFileType = text.xcconfig; name = "Pods-MealSnap-MealSnapUITests.release.xcconfig"; path = "Target Support Files/Pods-MealSnap-MealSnapUITests/Pods-MealSnap-MealSnapUITests.release.xcconfig"; sourceTree = "<group>"; };
		1753A9BA492E237D404BEDB9 /* Pods_MealSnapTests.framework */ = {isa = PBXFileReference; explicitFileType = wrapper.framework; includeInIndex = 0; path = Pods_MealSnapTests.framework; sourceTree = BUILT_PRODUCTS_DIR; };
		5A04A1EF2641F11E003FECB1 /* SearchUserTableViewCell.swift */ = {isa = PBXFileReference; lastKnownFileType = sourcecode.swift; path = SearchUserTableViewCell.swift; sourceTree = "<group>"; };
		5A04A1F02641F11E003FECB1 /* SearchUserTableViewCell.xib */ = {isa = PBXFileReference; lastKnownFileType = file.xib; path = SearchUserTableViewCell.xib; sourceTree = "<group>"; };
		5A09943B264DC57A00F53EE6 /* AppPreference.swift */ = {isa = PBXFileReference; lastKnownFileType = sourcecode.swift; path = AppPreference.swift; sourceTree = "<group>"; };
		5A09943D264DC97D00F53EE6 /* ImageOnlyTableViewCell.swift */ = {isa = PBXFileReference; lastKnownFileType = sourcecode.swift; path = ImageOnlyTableViewCell.swift; sourceTree = "<group>"; };
		5A09943E264DC97D00F53EE6 /* ImageOnlyTableViewCell.xib */ = {isa = PBXFileReference; lastKnownFileType = file.xib; path = ImageOnlyTableViewCell.xib; sourceTree = "<group>"; };
		5A13365E26092710008CC957 /* LoginViewController.swift */ = {isa = PBXFileReference; lastKnownFileType = sourcecode.swift; path = LoginViewController.swift; sourceTree = "<group>"; };
		5A13366626093166008CC957 /* SignupViewController.swift */ = {isa = PBXFileReference; lastKnownFileType = sourcecode.swift; path = SignupViewController.swift; sourceTree = "<group>"; };
		5A1336742609418D008CC957 /* GalleryViewController.swift */ = {isa = PBXFileReference; lastKnownFileType = sourcecode.swift; path = GalleryViewController.swift; sourceTree = "<group>"; };
		5A1FC4A92639E8FC00863359 /* GalleryImageTableViewCell.swift */ = {isa = PBXFileReference; lastKnownFileType = sourcecode.swift; path = GalleryImageTableViewCell.swift; sourceTree = "<group>"; };
		5A1FC4AA2639E8FC00863359 /* GalleryImageTableViewCell.xib */ = {isa = PBXFileReference; lastKnownFileType = file.xib; path = GalleryImageTableViewCell.xib; sourceTree = "<group>"; };
		5A22A589261F91EA0030286C /* MealSnapAPI.swift */ = {isa = PBXFileReference; lastKnownFileType = sourcecode.swift; path = MealSnapAPI.swift; sourceTree = "<group>"; };
		5A22A594261F92740030286C /* Services.swift */ = {isa = PBXFileReference; lastKnownFileType = sourcecode.swift; path = Services.swift; sourceTree = "<group>"; };
		5A27CDCC2643BDB00057F7A9 /* GalleryImage.swift */ = {isa = PBXFileReference; lastKnownFileType = sourcecode.swift; path = GalleryImage.swift; sourceTree = "<group>"; };
		5A2B763226390E5400377272 /* Gallery.swift */ = {isa = PBXFileReference; lastKnownFileType = sourcecode.swift; path = Gallery.swift; sourceTree = "<group>"; };
		5A2E9D6C2609B147003D37C2 /* ExploreViewController.swift */ = {isa = PBXFileReference; lastKnownFileType = sourcecode.swift; path = ExploreViewController.swift; sourceTree = "<group>"; };
		5A40EB1E26080CD7002493FA /* MealSnap.app */ = {isa = PBXFileReference; explicitFileType = wrapper.application; includeInIndex = 0; path = MealSnap.app; sourceTree = BUILT_PRODUCTS_DIR; };
		5A40EB2126080CD7002493FA /* AppDelegate.swift */ = {isa = PBXFileReference; lastKnownFileType = sourcecode.swift; path = AppDelegate.swift; sourceTree = "<group>"; };
		5A40EB2326080CD7002493FA /* SceneDelegate.swift */ = {isa = PBXFileReference; lastKnownFileType = sourcecode.swift; path = SceneDelegate.swift; sourceTree = "<group>"; };
		5A40EB2526080CD7002493FA /* Onboarding.swift */ = {isa = PBXFileReference; lastKnownFileType = sourcecode.swift; path = Onboarding.swift; sourceTree = "<group>"; };
		5A40EB2826080CD7002493FA /* Base */ = {isa = PBXFileReference; lastKnownFileType = file.storyboard; name = Base; path = Base.lproj/Main.storyboard; sourceTree = "<group>"; };
		5A40EB2A26080CD8002493FA /* Assets.xcassets */ = {isa = PBXFileReference; lastKnownFileType = folder.assetcatalog; path = Assets.xcassets; sourceTree = "<group>"; };
		5A40EB2D26080CD8002493FA /* Base */ = {isa = PBXFileReference; lastKnownFileType = file.storyboard; name = Base; path = Base.lproj/LaunchScreen.storyboard; sourceTree = "<group>"; };
		5A40EB2F26080CD8002493FA /* Info.plist */ = {isa = PBXFileReference; lastKnownFileType = text.plist.xml; path = Info.plist; sourceTree = "<group>"; };
		5A40EB3426080CD8002493FA /* MealSnapTests.xctest */ = {isa = PBXFileReference; explicitFileType = wrapper.cfbundle; includeInIndex = 0; path = MealSnapTests.xctest; sourceTree = BUILT_PRODUCTS_DIR; };
		5A40EB3826080CD8002493FA /* MealSnapTests.swift */ = {isa = PBXFileReference; lastKnownFileType = sourcecode.swift; path = MealSnapTests.swift; sourceTree = "<group>"; };
		5A40EB3A26080CD8002493FA /* Info.plist */ = {isa = PBXFileReference; lastKnownFileType = text.plist.xml; path = Info.plist; sourceTree = "<group>"; };
		5A40EB3F26080CD8002493FA /* MealSnapUITests.xctest */ = {isa = PBXFileReference; explicitFileType = wrapper.cfbundle; includeInIndex = 0; path = MealSnapUITests.xctest; sourceTree = BUILT_PRODUCTS_DIR; };
		5A40EB4326080CD8002493FA /* MealSnapUITests.swift */ = {isa = PBXFileReference; lastKnownFileType = sourcecode.swift; path = MealSnapUITests.swift; sourceTree = "<group>"; };
		5A40EB4526080CD8002493FA /* Info.plist */ = {isa = PBXFileReference; lastKnownFileType = text.plist.xml; path = Info.plist; sourceTree = "<group>"; };
		5A4423C42647515000A07C13 /* woosh.mp3 */ = {isa = PBXFileReference; lastKnownFileType = audio.mp3; path = woosh.mp3; sourceTree = "<group>"; };
		5A4423C62647516300A07C13 /* AudioService.swift */ = {isa = PBXFileReference; lastKnownFileType = sourcecode.swift; path = AudioService.swift; sourceTree = "<group>"; };
		5A444A542650681800963E90 /* LoadingIndicator.swift */ = {isa = PBXFileReference; lastKnownFileType = sourcecode.swift; path = LoadingIndicator.swift; sourceTree = "<group>"; };
		5A444A56265077F200963E90 /* UITextField.swift */ = {isa = PBXFileReference; lastKnownFileType = sourcecode.swift; path = UITextField.swift; sourceTree = "<group>"; };
		5A444A58265078E200963E90 /* UITextView.swift */ = {isa = PBXFileReference; lastKnownFileType = sourcecode.swift; path = UITextView.swift; sourceTree = "<group>"; };
		5A444A5E26508FB000963E90 /* CreatePostTableViewCells.swift */ = {isa = PBXFileReference; lastKnownFileType = sourcecode.swift; path = CreatePostTableViewCells.swift; sourceTree = "<group>"; };
		5A476D8C264E052400A5EDAB /* UIImageView.swift */ = {isa = PBXFileReference; lastKnownFileType = sourcecode.swift; path = UIImageView.swift; sourceTree = "<group>"; };
		5A55FF1B260AE61A00438984 /* StoryboardId.swift */ = {isa = PBXFileReference; lastKnownFileType = sourcecode.swift; path = StoryboardId.swift; sourceTree = "<group>"; };
		5A5F2CD12637F1BD002087A5 /* UserGalleryError.swift */ = {isa = PBXFileReference; lastKnownFileType = sourcecode.swift; path = UserGalleryError.swift; sourceTree = "<group>"; };
		5A5F2CD62637F1FF002087A5 /* UserGalleryAPIResponse.swift */ = {isa = PBXFileReference; lastKnownFileType = sourcecode.swift; path = UserGalleryAPIResponse.swift; sourceTree = "<group>"; };
		5A5F2CE12637F555002087A5 /* MealSnapAPIPageResponse.swift */ = {isa = PBXFileReference; lastKnownFileType = sourcecode.swift; path = MealSnapAPIPageResponse.swift; sourceTree = "<group>"; };
		5A734FB22609B8180008B576 /* SettingsViewController.swift */ = {isa = PBXFileReference; lastKnownFileType = sourcecode.swift; path = SettingsViewController.swift; sourceTree = "<group>"; };
		5A734FBD2609BA520008B576 /* AuthService.swift */ = {isa = PBXFileReference; lastKnownFileType = sourcecode.swift; path = AuthService.swift; sourceTree = "<group>"; };
		5A8D46AD2651D0BB00797451 /* amplifyconfiguration.json */ = {isa = PBXFileReference; fileEncoding = 4; lastKnownFileType = text.json; path = amplifyconfiguration.json; sourceTree = SOURCE_ROOT; };
		5A8D46AE2651D0BB00797451 /* awsconfiguration.json */ = {isa = PBXFileReference; fileEncoding = 4; lastKnownFileType = text.json; path = awsconfiguration.json; sourceTree = SOURCE_ROOT; };
		5A9475F1260BEF7F00C22186 /* MainViewController.swift */ = {isa = PBXFileReference; lastKnownFileType = sourcecode.swift; path = MainViewController.swift; sourceTree = "<group>"; };
		5AA228FB2622C9EA000022D5 /* MealSnapAPIError.swift */ = {isa = PBXFileReference; lastKnownFileType = sourcecode.swift; path = MealSnapAPIError.swift; sourceTree = "<group>"; };
		5AA229002622CA37000022D5 /* MealSnapAPIResponse.swift */ = {isa = PBXFileReference; lastKnownFileType = sourcecode.swift; path = MealSnapAPIResponse.swift; sourceTree = "<group>"; };
		5ACE48532642293F00975000 /* Alert.swift */ = {isa = PBXFileReference; lastKnownFileType = sourcecode.swift; path = Alert.swift; sourceTree = "<group>"; };
		5AD9639926465A4000E22875 /* ImageDetailViewController.swift */ = {isa = PBXFileReference; lastKnownFileType = sourcecode.swift; path = ImageDetailViewController.swift; sourceTree = "<group>"; };
		5AE6C07C2651A57100EDF6F5 /* Theme.xcassets */ = {isa = PBXFileReference; lastKnownFileType = folder.assetcatalog; path = Theme.xcassets; sourceTree = "<group>"; };
		5AE6C07E2651B12D00EDF6F5 /* AppUIButton.swift */ = {isa = PBXFileReference; lastKnownFileType = sourcecode.swift; path = AppUIButton.swift; sourceTree = "<group>"; };
		5AE6C0802651B2AE00EDF6F5 /* AppUITextField.swift */ = {isa = PBXFileReference; lastKnownFileType = sourcecode.swift; path = AppUITextField.swift; sourceTree = "<group>"; };
		5AED5B10264091B600EA6565 /* User.swift */ = {isa = PBXFileReference; lastKnownFileType = sourcecode.swift; path = User.swift; sourceTree = "<group>"; };
		5AFC2937261EB1C60058D20C /* CreatePostViewController.swift */ = {isa = PBXFileReference; lastKnownFileType = sourcecode.swift; path = CreatePostViewController.swift; sourceTree = "<group>"; };
		5AFC2940261ECEE40058D20C /* UserGallery.swift */ = {isa = PBXFileReference; lastKnownFileType = sourcecode.swift; path = UserGallery.swift; sourceTree = "<group>"; };
		730F89369E65AC50691BA03D /* Pods-MealSnap.debug.xcconfig */ = {isa = PBXFileReference; includeInIndex = 1; lastKnownFileType = text.xcconfig; name = "Pods-MealSnap.debug.xcconfig"; path = "Target Support Files/Pods-MealSnap/Pods-MealSnap.debug.xcconfig"; sourceTree = "<group>"; };
		9AF9BCEA5996DC52B0C12720 /* Pods-MealSnapTests.debug.xcconfig */ = {isa = PBXFileReference; includeInIndex = 1; lastKnownFileType = text.xcconfig; name = "Pods-MealSnapTests.debug.xcconfig"; path = "Target Support Files/Pods-MealSnapTests/Pods-MealSnapTests.debug.xcconfig"; sourceTree = "<group>"; };
		E73CFB796DDB256D289BF8FE /* Pods-MealSnap-MealSnapUITests.debug.xcconfig */ = {isa = PBXFileReference; includeInIndex = 1; lastKnownFileType = text.xcconfig; name = "Pods-MealSnap-MealSnapUITests.debug.xcconfig"; path = "Target Support Files/Pods-MealSnap-MealSnapUITests/Pods-MealSnap-MealSnapUITests.debug.xcconfig"; sourceTree = "<group>"; };
		EE2BA2A905B0C5174B54FF1D /* Pods_MealSnap.framework */ = {isa = PBXFileReference; explicitFileType = wrapper.framework; includeInIndex = 0; path = Pods_MealSnap.framework; sourceTree = BUILT_PRODUCTS_DIR; };
		F14E0DAC4F1462B2525BC035 /* Pods-MealSnap.release.xcconfig */ = {isa = PBXFileReference; includeInIndex = 1; lastKnownFileType = text.xcconfig; name = "Pods-MealSnap.release.xcconfig"; path = "Target Support Files/Pods-MealSnap/Pods-MealSnap.release.xcconfig"; sourceTree = "<group>"; };
/* End PBXFileReference section */

/* Begin PBXFrameworksBuildPhase section */
		5A40EB1B26080CD7002493FA /* Frameworks */ = {
			isa = PBXFrameworksBuildPhase;
			buildActionMask = 2147483647;
			files = (
				02A90D76CE92C48FA623FED6 /* Pods_MealSnap.framework in Frameworks */,
			);
			runOnlyForDeploymentPostprocessing = 0;
		};
		5A40EB3126080CD8002493FA /* Frameworks */ = {
			isa = PBXFrameworksBuildPhase;
			buildActionMask = 2147483647;
			files = (
				A915414E3B5B052531C143BE /* Pods_MealSnapTests.framework in Frameworks */,
			);
			runOnlyForDeploymentPostprocessing = 0;
		};
		5A40EB3C26080CD8002493FA /* Frameworks */ = {
			isa = PBXFrameworksBuildPhase;
			buildActionMask = 2147483647;
			files = (
				290F5498ABB0D8A156FED854 /* Pods_MealSnap_MealSnapUITests.framework in Frameworks */,
			);
			runOnlyForDeploymentPostprocessing = 0;
		};
/* End PBXFrameworksBuildPhase section */

/* Begin PBXGroup section */
		4694463D3060F0C7EE81F150 /* Pods */ = {
			isa = PBXGroup;
			children = (
				730F89369E65AC50691BA03D /* Pods-MealSnap.debug.xcconfig */,
				F14E0DAC4F1462B2525BC035 /* Pods-MealSnap.release.xcconfig */,
				E73CFB796DDB256D289BF8FE /* Pods-MealSnap-MealSnapUITests.debug.xcconfig */,
				12669E5D750E85766380725E /* Pods-MealSnap-MealSnapUITests.release.xcconfig */,
				9AF9BCEA5996DC52B0C12720 /* Pods-MealSnapTests.debug.xcconfig */,
				03DF2D438C8C0292E4547200 /* Pods-MealSnapTests.release.xcconfig */,
			);
			path = Pods;
			sourceTree = "<group>";
		};
		5A13366B26093746008CC957 /* Components */ = {
			isa = PBXGroup;
			children = (
				5A444A532650680900963E90 /* Addons */,
				5A476D8B264E04DB00A5EDAB /* Native */,
				5A1FC4A92639E8FC00863359 /* GalleryImageTableViewCell.swift */,
				5A1FC4AA2639E8FC00863359 /* GalleryImageTableViewCell.xib */,
				5A04A1EF2641F11E003FECB1 /* SearchUserTableViewCell.swift */,
				5A04A1F02641F11E003FECB1 /* SearchUserTableViewCell.xib */,
				5A09943D264DC97D00F53EE6 /* ImageOnlyTableViewCell.swift */,
				5A09943E264DC97D00F53EE6 /* ImageOnlyTableViewCell.xib */,
				5A444A5E26508FB000963E90 /* CreatePostTableViewCells.swift */,
			);
			path = Components;
			sourceTree = "<group>";
		};
		5A22A587261F91A10030286C /* Services */ = {
			isa = PBXGroup;
			children = (
				5A734FBD2609BA520008B576 /* AuthService.swift */,
				5A476D8A264DFD6000A5EDAB /* MealSnapAPI */,
				5A4423C32647513A00A07C13 /* Audio */,
			);
			path = Services;
			sourceTree = "<group>";
		};
		5A40EB1526080CD7002493FA = {
			isa = PBXGroup;
			children = (
				5A40EB2026080CD7002493FA /* MealSnap */,
				5A40EB3726080CD8002493FA /* MealSnapTests */,
				5A40EB4226080CD8002493FA /* MealSnapUITests */,
				5A40EB1F26080CD7002493FA /* Products */,
				4694463D3060F0C7EE81F150 /* Pods */,
				7578277365AEBF0F283B0D2C /* Frameworks */,
			);
			sourceTree = "<group>";
		};
		5A40EB1F26080CD7002493FA /* Products */ = {
			isa = PBXGroup;
			children = (
				5A40EB1E26080CD7002493FA /* MealSnap.app */,
				5A40EB3426080CD8002493FA /* MealSnapTests.xctest */,
				5A40EB3F26080CD8002493FA /* MealSnapUITests.xctest */,
			);
			name = Products;
			sourceTree = "<group>";
		};
		5A40EB2026080CD7002493FA /* MealSnap */ = {
			isa = PBXGroup;
			children = (
				5A8D46AD2651D0BB00797451 /* amplifyconfiguration.json */,
				5A8D46AE2651D0BB00797451 /* awsconfiguration.json */,
				5AE6C07B2651A54B00EDF6F5 /* Assets */,
				5A22A587261F91A10030286C /* Services */,
				5A55FF1A260AE60300438984 /* Config */,
				5A734FBA2609BA160008B576 /* Models */,
				5A13366B26093746008CC957 /* Components */,
				5AA583EF260827500009FFEC /* ViewControllers */,
				5A40EB2726080CD7002493FA /* Main.storyboard */,
				5A40EB2C26080CD8002493FA /* LaunchScreen.storyboard */,
				5A40EB2126080CD7002493FA /* AppDelegate.swift */,
				5A40EB2326080CD7002493FA /* SceneDelegate.swift */,
				5A40EB2F26080CD8002493FA /* Info.plist */,
			);
			path = MealSnap;
			sourceTree = "<group>";
		};
		5A40EB3726080CD8002493FA /* MealSnapTests */ = {
			isa = PBXGroup;
			children = (
				5A40EB3826080CD8002493FA /* MealSnapTests.swift */,
				5A40EB3A26080CD8002493FA /* Info.plist */,
			);
			path = MealSnapTests;
			sourceTree = "<group>";
		};
		5A40EB4226080CD8002493FA /* MealSnapUITests */ = {
			isa = PBXGroup;
			children = (
				5A40EB4326080CD8002493FA /* MealSnapUITests.swift */,
				5A40EB4526080CD8002493FA /* Info.plist */,
			);
			path = MealSnapUITests;
			sourceTree = "<group>";
		};
		5A4423C32647513A00A07C13 /* Audio */ = {
			isa = PBXGroup;
			children = (
				5A4423C42647515000A07C13 /* woosh.mp3 */,
				5A4423C62647516300A07C13 /* AudioService.swift */,
			);
			path = Audio;
			sourceTree = "<group>";
		};
		5A444A532650680900963E90 /* Addons */ = {
			isa = PBXGroup;
			children = (
				5ACE48532642293F00975000 /* Alert.swift */,
				5A444A542650681800963E90 /* LoadingIndicator.swift */,
			);
			path = Addons;
			sourceTree = "<group>";
		};
		5A476D8A264DFD6000A5EDAB /* MealSnapAPI */ = {
			isa = PBXGroup;
			children = (
				5A5F2CDE2637F53C002087A5 /* Common */,
				5A22A589261F91EA0030286C /* MealSnapAPI.swift */,
				5AA228FB2622C9EA000022D5 /* MealSnapAPIError.swift */,
				5AA229002622CA37000022D5 /* MealSnapAPIResponse.swift */,
			);
			path = MealSnapAPI;
			sourceTree = "<group>";
		};
		5A476D8B264E04DB00A5EDAB /* Native */ = {
			isa = PBXGroup;
			children = (
				5A476D8C264E052400A5EDAB /* UIImageView.swift */,
				5A444A56265077F200963E90 /* UITextField.swift */,
				5A444A58265078E200963E90 /* UITextView.swift */,
				5AE6C07E2651B12D00EDF6F5 /* AppUIButton.swift */,
				5AE6C0802651B2AE00EDF6F5 /* AppUITextField.swift */,
			);
			path = Native;
			sourceTree = "<group>";
		};
		5A55FF1A260AE60300438984 /* Config */ = {
			isa = PBXGroup;
			children = (
				5A55FF1B260AE61A00438984 /* StoryboardId.swift */,
				5A22A594261F92740030286C /* Services.swift */,
				5A2B763226390E5400377272 /* Gallery.swift */,
			);
			path = Config;
			sourceTree = "<group>";
		};
		5A5F2CDE2637F53C002087A5 /* Common */ = {
			isa = PBXGroup;
			children = (
				5A5F2CE12637F555002087A5 /* MealSnapAPIPageResponse.swift */,
			);
			path = Common;
			sourceTree = "<group>";
		};
		5A734FBA2609BA160008B576 /* Models */ = {
			isa = PBXGroup;
			children = (
				5A09943B264DC57A00F53EE6 /* AppPreference.swift */,
				5AED5B10264091B600EA6565 /* User.swift */,
				5A27CDCC2643BDB00057F7A9 /* GalleryImage.swift */,
				5AFC293F261ECEB40058D20C /* UserGallery */,
			);
			path = Models;
			sourceTree = "<group>";
		};
		5AA583EF260827500009FFEC /* ViewControllers */ = {
			isa = PBXGroup;
			children = (
				5A40EB2526080CD7002493FA /* Onboarding.swift */,
				5A13365E26092710008CC957 /* LoginViewController.swift */,
				5A13366626093166008CC957 /* SignupViewController.swift */,
				5A1336742609418D008CC957 /* GalleryViewController.swift */,
				5A2E9D6C2609B147003D37C2 /* ExploreViewController.swift */,
				5A734FB22609B8180008B576 /* SettingsViewController.swift */,
				5A9475F1260BEF7F00C22186 /* MainViewController.swift */,
				5AFC2937261EB1C60058D20C /* CreatePostViewController.swift */,
				5AD9639926465A4000E22875 /* ImageDetailViewController.swift */,
			);
			path = ViewControllers;
			sourceTree = "<group>";
		};
		5AE6C07B2651A54B00EDF6F5 /* Assets */ = {
			isa = PBXGroup;
			children = (
				5A40EB2A26080CD8002493FA /* Assets.xcassets */,
				5AE6C07C2651A57100EDF6F5 /* Theme.xcassets */,
			);
			path = Assets;
			sourceTree = "<group>";
		};
		5AFC293F261ECEB40058D20C /* UserGallery */ = {
			isa = PBXGroup;
			children = (
				5AFC2940261ECEE40058D20C /* UserGallery.swift */,
				5A5F2CD12637F1BD002087A5 /* UserGalleryError.swift */,
				5A5F2CD62637F1FF002087A5 /* UserGalleryAPIResponse.swift */,
			);
			path = UserGallery;
			sourceTree = "<group>";
		};
		7578277365AEBF0F283B0D2C /* Frameworks */ = {
			isa = PBXGroup;
			children = (
				EE2BA2A905B0C5174B54FF1D /* Pods_MealSnap.framework */,
				03C9904A90FFEF342B44530C /* Pods_MealSnap_MealSnapUITests.framework */,
				1753A9BA492E237D404BEDB9 /* Pods_MealSnapTests.framework */,
			);
			name = Frameworks;
			sourceTree = "<group>";
		};
/* End PBXGroup section */

/* Begin PBXNativeTarget section */
		5A40EB1D26080CD7002493FA /* MealSnap */ = {
			isa = PBXNativeTarget;
			buildConfigurationList = 5A40EB4826080CD8002493FA /* Build configuration list for PBXNativeTarget "MealSnap" */;
			buildPhases = (
				47B7950BAFEFDA97CD5B6E68 /* [CP] Check Pods Manifest.lock */,
				5A40EB1A26080CD7002493FA /* Sources */,
				5A40EB1B26080CD7002493FA /* Frameworks */,
				5A40EB1C26080CD7002493FA /* Resources */,
				60E49A5CB99465F295C4486F /* [CP] Embed Pods Frameworks */,
			);
			buildRules = (
			);
			dependencies = (
			);
			name = MealSnap;
			productName = MealSnap;
			productReference = 5A40EB1E26080CD7002493FA /* MealSnap.app */;
			productType = "com.apple.product-type.application";
		};
		5A40EB3326080CD8002493FA /* MealSnapTests */ = {
			isa = PBXNativeTarget;
			buildConfigurationList = 5A40EB4B26080CD8002493FA /* Build configuration list for PBXNativeTarget "MealSnapTests" */;
			buildPhases = (
				3E8D2C70FDA3A171D75A7CC7 /* [CP] Check Pods Manifest.lock */,
				5A40EB3026080CD8002493FA /* Sources */,
				5A40EB3126080CD8002493FA /* Frameworks */,
				5A40EB3226080CD8002493FA /* Resources */,
			);
			buildRules = (
			);
			dependencies = (
				5A40EB3626080CD8002493FA /* PBXTargetDependency */,
			);
			name = MealSnapTests;
			productName = MealSnapTests;
			productReference = 5A40EB3426080CD8002493FA /* MealSnapTests.xctest */;
			productType = "com.apple.product-type.bundle.unit-test";
		};
		5A40EB3E26080CD8002493FA /* MealSnapUITests */ = {
			isa = PBXNativeTarget;
			buildConfigurationList = 5A40EB4E26080CD8002493FA /* Build configuration list for PBXNativeTarget "MealSnapUITests" */;
			buildPhases = (
				6FDDC46E314959741103224C /* [CP] Check Pods Manifest.lock */,
				5A40EB3B26080CD8002493FA /* Sources */,
				5A40EB3C26080CD8002493FA /* Frameworks */,
				5A40EB3D26080CD8002493FA /* Resources */,
				5823ADCECA1FB69D95FB91E6 /* [CP] Embed Pods Frameworks */,
			);
			buildRules = (
			);
			dependencies = (
				5A40EB4126080CD8002493FA /* PBXTargetDependency */,
			);
			name = MealSnapUITests;
			productName = MealSnapUITests;
			productReference = 5A40EB3F26080CD8002493FA /* MealSnapUITests.xctest */;
			productType = "com.apple.product-type.bundle.ui-testing";
		};
/* End PBXNativeTarget section */

/* Begin PBXProject section */
		5A40EB1626080CD7002493FA /* Project object */ = {
			isa = PBXProject;
			attributes = {
				LastSwiftUpdateCheck = 1240;
				LastUpgradeCheck = 1240;
				TargetAttributes = {
					5A40EB1D26080CD7002493FA = {
						CreatedOnToolsVersion = 12.4;
					};
					5A40EB3326080CD8002493FA = {
						CreatedOnToolsVersion = 12.4;
						TestTargetID = 5A40EB1D26080CD7002493FA;
					};
					5A40EB3E26080CD8002493FA = {
						CreatedOnToolsVersion = 12.4;
						TestTargetID = 5A40EB1D26080CD7002493FA;
					};
				};
			};
			buildConfigurationList = 5A40EB1926080CD7002493FA /* Build configuration list for PBXProject "MealSnap" */;
			compatibilityVersion = "Xcode 9.3";
			developmentRegion = en;
			hasScannedForEncodings = 0;
			knownRegions = (
				en,
				Base,
			);
			mainGroup = 5A40EB1526080CD7002493FA;
			productRefGroup = 5A40EB1F26080CD7002493FA /* Products */;
			projectDirPath = "";
			projectRoot = "";
			targets = (
				5A40EB1D26080CD7002493FA /* MealSnap */,
				5A40EB3326080CD8002493FA /* MealSnapTests */,
				5A40EB3E26080CD8002493FA /* MealSnapUITests */,
			);
		};
/* End PBXProject section */

/* Begin PBXResourcesBuildPhase section */
		5A40EB1C26080CD7002493FA /* Resources */ = {
			isa = PBXResourcesBuildPhase;
			buildActionMask = 2147483647;
			files = (
				5A40EB2E26080CD8002493FA /* LaunchScreen.storyboard in Resources */,
				5A099440264DC97D00F53EE6 /* ImageOnlyTableViewCell.xib in Resources */,
				5A04A1F22641F11E003FECB1 /* SearchUserTableViewCell.xib in Resources */,
				5A40EB2B26080CD8002493FA /* Assets.xcassets in Resources */,
				5A1FC4AC2639E8FC00863359 /* GalleryImageTableViewCell.xib in Resources */,
				5AE6C07D2651A57100EDF6F5 /* Theme.xcassets in Resources */,
				5A8D46B02651D0BB00797451 /* awsconfiguration.json in Resources */,
				5A4423C52647515000A07C13 /* woosh.mp3 in Resources */,
				5A40EB2926080CD7002493FA /* Main.storyboard in Resources */,
				5A8D46AF2651D0BB00797451 /* amplifyconfiguration.json in Resources */,
			);
			runOnlyForDeploymentPostprocessing = 0;
		};
		5A40EB3226080CD8002493FA /* Resources */ = {
			isa = PBXResourcesBuildPhase;
			buildActionMask = 2147483647;
			files = (
			);
			runOnlyForDeploymentPostprocessing = 0;
		};
		5A40EB3D26080CD8002493FA /* Resources */ = {
			isa = PBXResourcesBuildPhase;
			buildActionMask = 2147483647;
			files = (
			);
			runOnlyForDeploymentPostprocessing = 0;
		};
/* End PBXResourcesBuildPhase section */

/* Begin PBXShellScriptBuildPhase section */
		3E8D2C70FDA3A171D75A7CC7 /* [CP] Check Pods Manifest.lock */ = {
			isa = PBXShellScriptBuildPhase;
			buildActionMask = 2147483647;
			files = (
			);
			inputFileListPaths = (
			);
			inputPaths = (
				"${PODS_PODFILE_DIR_PATH}/Podfile.lock",
				"${PODS_ROOT}/Manifest.lock",
			);
			name = "[CP] Check Pods Manifest.lock";
			outputFileListPaths = (
			);
			outputPaths = (
				"$(DERIVED_FILE_DIR)/Pods-MealSnapTests-checkManifestLockResult.txt",
			);
			runOnlyForDeploymentPostprocessing = 0;
			shellPath = /bin/sh;
			shellScript = "diff \"${PODS_PODFILE_DIR_PATH}/Podfile.lock\" \"${PODS_ROOT}/Manifest.lock\" > /dev/null\nif [ $? != 0 ] ; then\n    # print error to STDERR\n    echo \"error: The sandbox is not in sync with the Podfile.lock. Run 'pod install' or update your CocoaPods installation.\" >&2\n    exit 1\nfi\n# This output is used by Xcode 'outputs' to avoid re-running this script phase.\necho \"SUCCESS\" > \"${SCRIPT_OUTPUT_FILE_0}\"\n";
			showEnvVarsInLog = 0;
		};
		47B7950BAFEFDA97CD5B6E68 /* [CP] Check Pods Manifest.lock */ = {
			isa = PBXShellScriptBuildPhase;
			buildActionMask = 2147483647;
			files = (
			);
			inputFileListPaths = (
			);
			inputPaths = (
				"${PODS_PODFILE_DIR_PATH}/Podfile.lock",
				"${PODS_ROOT}/Manifest.lock",
			);
			name = "[CP] Check Pods Manifest.lock";
			outputFileListPaths = (
			);
			outputPaths = (
				"$(DERIVED_FILE_DIR)/Pods-MealSnap-checkManifestLockResult.txt",
			);
			runOnlyForDeploymentPostprocessing = 0;
			shellPath = /bin/sh;
			shellScript = "diff \"${PODS_PODFILE_DIR_PATH}/Podfile.lock\" \"${PODS_ROOT}/Manifest.lock\" > /dev/null\nif [ $? != 0 ] ; then\n    # print error to STDERR\n    echo \"error: The sandbox is not in sync with the Podfile.lock. Run 'pod install' or update your CocoaPods installation.\" >&2\n    exit 1\nfi\n# This output is used by Xcode 'outputs' to avoid re-running this script phase.\necho \"SUCCESS\" > \"${SCRIPT_OUTPUT_FILE_0}\"\n";
			showEnvVarsInLog = 0;
		};
		5823ADCECA1FB69D95FB91E6 /* [CP] Embed Pods Frameworks */ = {
			isa = PBXShellScriptBuildPhase;
			buildActionMask = 2147483647;
			files = (
			);
			inputFileListPaths = (
				"${PODS_ROOT}/Target Support Files/Pods-MealSnap-MealSnapUITests/Pods-MealSnap-MealSnapUITests-frameworks-${CONFIGURATION}-input-files.xcfilelist",
			);
			name = "[CP] Embed Pods Frameworks";
			outputFileListPaths = (
				"${PODS_ROOT}/Target Support Files/Pods-MealSnap-MealSnapUITests/Pods-MealSnap-MealSnapUITests-frameworks-${CONFIGURATION}-output-files.xcfilelist",
			);
			runOnlyForDeploymentPostprocessing = 0;
			shellPath = /bin/sh;
			shellScript = "\"${PODS_ROOT}/Target Support Files/Pods-MealSnap-MealSnapUITests/Pods-MealSnap-MealSnapUITests-frameworks.sh\"\n";
			showEnvVarsInLog = 0;
		};
		60E49A5CB99465F295C4486F /* [CP] Embed Pods Frameworks */ = {
			isa = PBXShellScriptBuildPhase;
			buildActionMask = 2147483647;
			files = (
			);
			inputFileListPaths = (
				"${PODS_ROOT}/Target Support Files/Pods-MealSnap/Pods-MealSnap-frameworks-${CONFIGURATION}-input-files.xcfilelist",
			);
			name = "[CP] Embed Pods Frameworks";
			outputFileListPaths = (
				"${PODS_ROOT}/Target Support Files/Pods-MealSnap/Pods-MealSnap-frameworks-${CONFIGURATION}-output-files.xcfilelist",
			);
			runOnlyForDeploymentPostprocessing = 0;
			shellPath = /bin/sh;
			shellScript = "\"${PODS_ROOT}/Target Support Files/Pods-MealSnap/Pods-MealSnap-frameworks.sh\"\n";
			showEnvVarsInLog = 0;
		};
		6FDDC46E314959741103224C /* [CP] Check Pods Manifest.lock */ = {
			isa = PBXShellScriptBuildPhase;
			buildActionMask = 2147483647;
			files = (
			);
			inputFileListPaths = (
			);
			inputPaths = (
				"${PODS_PODFILE_DIR_PATH}/Podfile.lock",
				"${PODS_ROOT}/Manifest.lock",
			);
			name = "[CP] Check Pods Manifest.lock";
			outputFileListPaths = (
			);
			outputPaths = (
				"$(DERIVED_FILE_DIR)/Pods-MealSnap-MealSnapUITests-checkManifestLockResult.txt",
			);
			runOnlyForDeploymentPostprocessing = 0;
			shellPath = /bin/sh;
			shellScript = "diff \"${PODS_PODFILE_DIR_PATH}/Podfile.lock\" \"${PODS_ROOT}/Manifest.lock\" > /dev/null\nif [ $? != 0 ] ; then\n    # print error to STDERR\n    echo \"error: The sandbox is not in sync with the Podfile.lock. Run 'pod install' or update your CocoaPods installation.\" >&2\n    exit 1\nfi\n# This output is used by Xcode 'outputs' to avoid re-running this script phase.\necho \"SUCCESS\" > \"${SCRIPT_OUTPUT_FILE_0}\"\n";
			showEnvVarsInLog = 0;
		};
/* End PBXShellScriptBuildPhase section */

/* Begin PBXSourcesBuildPhase section */
		5A40EB1A26080CD7002493FA /* Sources */ = {
			isa = PBXSourcesBuildPhase;
			buildActionMask = 2147483647;
			files = (
				5AA228FC2622C9EA000022D5 /* MealSnapAPIError.swift in Sources */,
				5AFC2938261EB1C60058D20C /* CreatePostViewController.swift in Sources */,
				5A09943C264DC57A00F53EE6 /* AppPreference.swift in Sources */,
				5A1336752609418D008CC957 /* GalleryViewController.swift in Sources */,
				5ACE48542642293F00975000 /* Alert.swift in Sources */,
				5A55FF1C260AE61A00438984 /* StoryboardId.swift in Sources */,
				5A9475F2260BEF7F00C22186 /* MainViewController.swift in Sources */,
				5AE6C0812651B2AE00EDF6F5 /* AppUITextField.swift in Sources */,
				5A2B763326390E5400377272 /* Gallery.swift in Sources */,
				5A476D8D264E052400A5EDAB /* UIImageView.swift in Sources */,
				5A22A595261F92740030286C /* Services.swift in Sources */,
				5A1FC4AB2639E8FC00863359 /* GalleryImageTableViewCell.swift in Sources */,
				5A04A1F12641F11E003FECB1 /* SearchUserTableViewCell.swift in Sources */,
				5A444A552650681800963E90 /* LoadingIndicator.swift in Sources */,
				5A22A58A261F91EA0030286C /* MealSnapAPI.swift in Sources */,
				5A444A57265077F200963E90 /* UITextField.swift in Sources */,
				5AA229012622CA37000022D5 /* MealSnapAPIResponse.swift in Sources */,
				5AFC2941261ECEE40058D20C /* UserGallery.swift in Sources */,
				5A5F2CD22637F1BD002087A5 /* UserGalleryError.swift in Sources */,
				5A13365F26092710008CC957 /* LoginViewController.swift in Sources */,
				5AE6C07F2651B12D00EDF6F5 /* AppUIButton.swift in Sources */,
				5A40EB2626080CD7002493FA /* Onboarding.swift in Sources */,
				5AD9639A26465A4000E22875 /* ImageDetailViewController.swift in Sources */,
				5A444A59265078E200963E90 /* UITextView.swift in Sources */,
				5A2E9D6D2609B147003D37C2 /* ExploreViewController.swift in Sources */,
				5A5F2CD72637F1FF002087A5 /* UserGalleryAPIResponse.swift in Sources */,
				5A13366726093166008CC957 /* SignupViewController.swift in Sources */,
				5A444A5F26508FB000963E90 /* CreatePostTableViewCells.swift in Sources */,
				5A40EB2226080CD7002493FA /* AppDelegate.swift in Sources */,
				5A40EB2426080CD7002493FA /* SceneDelegate.swift in Sources */,
				5A4423C72647516300A07C13 /* AudioService.swift in Sources */,
				5A734FB32609B8180008B576 /* SettingsViewController.swift in Sources */,
				5A09943F264DC97D00F53EE6 /* ImageOnlyTableViewCell.swift in Sources */,
				5AED5B11264091B600EA6565 /* User.swift in Sources */,
				5A5F2CE22637F555002087A5 /* MealSnapAPIPageResponse.swift in Sources */,
				5A27CDCD2643BDB00057F7A9 /* GalleryImage.swift in Sources */,
				5A734FBE2609BA520008B576 /* AuthService.swift in Sources */,
			);
			runOnlyForDeploymentPostprocessing = 0;
		};
		5A40EB3026080CD8002493FA /* Sources */ = {
			isa = PBXSourcesBuildPhase;
			buildActionMask = 2147483647;
			files = (
				5A40EB3926080CD8002493FA /* MealSnapTests.swift in Sources */,
			);
			runOnlyForDeploymentPostprocessing = 0;
		};
		5A40EB3B26080CD8002493FA /* Sources */ = {
			isa = PBXSourcesBuildPhase;
			buildActionMask = 2147483647;
			files = (
				5A40EB4426080CD8002493FA /* MealSnapUITests.swift in Sources */,
			);
			runOnlyForDeploymentPostprocessing = 0;
		};
/* End PBXSourcesBuildPhase section */

/* Begin PBXTargetDependency section */
		5A40EB3626080CD8002493FA /* PBXTargetDependency */ = {
			isa = PBXTargetDependency;
			target = 5A40EB1D26080CD7002493FA /* MealSnap */;
			targetProxy = 5A40EB3526080CD8002493FA /* PBXContainerItemProxy */;
		};
		5A40EB4126080CD8002493FA /* PBXTargetDependency */ = {
			isa = PBXTargetDependency;
			target = 5A40EB1D26080CD7002493FA /* MealSnap */;
			targetProxy = 5A40EB4026080CD8002493FA /* PBXContainerItemProxy */;
		};
/* End PBXTargetDependency section */

/* Begin PBXVariantGroup section */
		5A40EB2726080CD7002493FA /* Main.storyboard */ = {
			isa = PBXVariantGroup;
			children = (
				5A40EB2826080CD7002493FA /* Base */,
			);
			name = Main.storyboard;
			sourceTree = "<group>";
		};
		5A40EB2C26080CD8002493FA /* LaunchScreen.storyboard */ = {
			isa = PBXVariantGroup;
			children = (
				5A40EB2D26080CD8002493FA /* Base */,
			);
			name = LaunchScreen.storyboard;
			sourceTree = "<group>";
		};
/* End PBXVariantGroup section */

/* Begin XCBuildConfiguration section */
		5A40EB4626080CD8002493FA /* Debug */ = {
			isa = XCBuildConfiguration;
			buildSettings = {
				ALWAYS_SEARCH_USER_PATHS = NO;
				CLANG_ANALYZER_NONNULL = YES;
				CLANG_ANALYZER_NUMBER_OBJECT_CONVERSION = YES_AGGRESSIVE;
				CLANG_CXX_LANGUAGE_STANDARD = "gnu++14";
				CLANG_CXX_LIBRARY = "libc++";
				CLANG_ENABLE_MODULES = YES;
				CLANG_ENABLE_OBJC_ARC = YES;
				CLANG_ENABLE_OBJC_WEAK = YES;
				CLANG_WARN_BLOCK_CAPTURE_AUTORELEASING = YES;
				CLANG_WARN_BOOL_CONVERSION = YES;
				CLANG_WARN_COMMA = YES;
				CLANG_WARN_CONSTANT_CONVERSION = YES;
				CLANG_WARN_DEPRECATED_OBJC_IMPLEMENTATIONS = YES;
				CLANG_WARN_DIRECT_OBJC_ISA_USAGE = YES_ERROR;
				CLANG_WARN_DOCUMENTATION_COMMENTS = YES;
				CLANG_WARN_EMPTY_BODY = YES;
				CLANG_WARN_ENUM_CONVERSION = YES;
				CLANG_WARN_INFINITE_RECURSION = YES;
				CLANG_WARN_INT_CONVERSION = YES;
				CLANG_WARN_NON_LITERAL_NULL_CONVERSION = YES;
				CLANG_WARN_OBJC_IMPLICIT_RETAIN_SELF = YES;
				CLANG_WARN_OBJC_LITERAL_CONVERSION = YES;
				CLANG_WARN_OBJC_ROOT_CLASS = YES_ERROR;
				CLANG_WARN_QUOTED_INCLUDE_IN_FRAMEWORK_HEADER = YES;
				CLANG_WARN_RANGE_LOOP_ANALYSIS = YES;
				CLANG_WARN_STRICT_PROTOTYPES = YES;
				CLANG_WARN_SUSPICIOUS_MOVE = YES;
				CLANG_WARN_UNGUARDED_AVAILABILITY = YES_AGGRESSIVE;
				CLANG_WARN_UNREACHABLE_CODE = YES;
				CLANG_WARN__DUPLICATE_METHOD_MATCH = YES;
				COPY_PHASE_STRIP = NO;
				DEBUG_INFORMATION_FORMAT = dwarf;
				ENABLE_STRICT_OBJC_MSGSEND = YES;
				ENABLE_TESTABILITY = YES;
				GCC_C_LANGUAGE_STANDARD = gnu11;
				GCC_DYNAMIC_NO_PIC = NO;
				GCC_NO_COMMON_BLOCKS = YES;
				GCC_OPTIMIZATION_LEVEL = 0;
				GCC_PREPROCESSOR_DEFINITIONS = (
					"DEBUG=1",
					"$(inherited)",
				);
				GCC_WARN_64_TO_32_BIT_CONVERSION = YES;
				GCC_WARN_ABOUT_RETURN_TYPE = YES_ERROR;
				GCC_WARN_UNDECLARED_SELECTOR = YES;
				GCC_WARN_UNINITIALIZED_AUTOS = YES_AGGRESSIVE;
				GCC_WARN_UNUSED_FUNCTION = YES;
				GCC_WARN_UNUSED_VARIABLE = YES;
				IPHONEOS_DEPLOYMENT_TARGET = 14.4;
				MTL_ENABLE_DEBUG_INFO = INCLUDE_SOURCE;
				MTL_FAST_MATH = YES;
				ONLY_ACTIVE_ARCH = YES;
				SDKROOT = iphoneos;
				SWIFT_ACTIVE_COMPILATION_CONDITIONS = DEBUG;
				SWIFT_OPTIMIZATION_LEVEL = "-Onone";
			};
			name = Debug;
		};
		5A40EB4726080CD8002493FA /* Release */ = {
			isa = XCBuildConfiguration;
			buildSettings = {
				ALWAYS_SEARCH_USER_PATHS = NO;
				CLANG_ANALYZER_NONNULL = YES;
				CLANG_ANALYZER_NUMBER_OBJECT_CONVERSION = YES_AGGRESSIVE;
				CLANG_CXX_LANGUAGE_STANDARD = "gnu++14";
				CLANG_CXX_LIBRARY = "libc++";
				CLANG_ENABLE_MODULES = YES;
				CLANG_ENABLE_OBJC_ARC = YES;
				CLANG_ENABLE_OBJC_WEAK = YES;
				CLANG_WARN_BLOCK_CAPTURE_AUTORELEASING = YES;
				CLANG_WARN_BOOL_CONVERSION = YES;
				CLANG_WARN_COMMA = YES;
				CLANG_WARN_CONSTANT_CONVERSION = YES;
				CLANG_WARN_DEPRECATED_OBJC_IMPLEMENTATIONS = YES;
				CLANG_WARN_DIRECT_OBJC_ISA_USAGE = YES_ERROR;
				CLANG_WARN_DOCUMENTATION_COMMENTS = YES;
				CLANG_WARN_EMPTY_BODY = YES;
				CLANG_WARN_ENUM_CONVERSION = YES;
				CLANG_WARN_INFINITE_RECURSION = YES;
				CLANG_WARN_INT_CONVERSION = YES;
				CLANG_WARN_NON_LITERAL_NULL_CONVERSION = YES;
				CLANG_WARN_OBJC_IMPLICIT_RETAIN_SELF = YES;
				CLANG_WARN_OBJC_LITERAL_CONVERSION = YES;
				CLANG_WARN_OBJC_ROOT_CLASS = YES_ERROR;
				CLANG_WARN_QUOTED_INCLUDE_IN_FRAMEWORK_HEADER = YES;
				CLANG_WARN_RANGE_LOOP_ANALYSIS = YES;
				CLANG_WARN_STRICT_PROTOTYPES = YES;
				CLANG_WARN_SUSPICIOUS_MOVE = YES;
				CLANG_WARN_UNGUARDED_AVAILABILITY = YES_AGGRESSIVE;
				CLANG_WARN_UNREACHABLE_CODE = YES;
				CLANG_WARN__DUPLICATE_METHOD_MATCH = YES;
				COPY_PHASE_STRIP = NO;
				DEBUG_INFORMATION_FORMAT = "dwarf-with-dsym";
				ENABLE_NS_ASSERTIONS = NO;
				ENABLE_STRICT_OBJC_MSGSEND = YES;
				GCC_C_LANGUAGE_STANDARD = gnu11;
				GCC_NO_COMMON_BLOCKS = YES;
				GCC_WARN_64_TO_32_BIT_CONVERSION = YES;
				GCC_WARN_ABOUT_RETURN_TYPE = YES_ERROR;
				GCC_WARN_UNDECLARED_SELECTOR = YES;
				GCC_WARN_UNINITIALIZED_AUTOS = YES_AGGRESSIVE;
				GCC_WARN_UNUSED_FUNCTION = YES;
				GCC_WARN_UNUSED_VARIABLE = YES;
				IPHONEOS_DEPLOYMENT_TARGET = 14.4;
				MTL_ENABLE_DEBUG_INFO = NO;
				MTL_FAST_MATH = YES;
				SDKROOT = iphoneos;
				SWIFT_COMPILATION_MODE = wholemodule;
				SWIFT_OPTIMIZATION_LEVEL = "-O";
				VALIDATE_PRODUCT = YES;
			};
			name = Release;
		};
		5A40EB4926080CD8002493FA /* Debug */ = {
			isa = XCBuildConfiguration;
			baseConfigurationReference = 730F89369E65AC50691BA03D /* Pods-MealSnap.debug.xcconfig */;
			buildSettings = {
				ASSETCATALOG_COMPILER_APPICON_NAME = AppIcon;
				ASSETCATALOG_COMPILER_GLOBAL_ACCENT_COLOR_NAME = AccentColor;
				CODE_SIGN_STYLE = Automatic;
				INFOPLIST_FILE = MealSnap/Info.plist;
				LD_RUNPATH_SEARCH_PATHS = (
					"$(inherited)",
					"@executable_path/Frameworks",
				);
				PRODUCT_BUNDLE_IDENTIFIER = io.shikdertech.MealSnap;
				PRODUCT_NAME = "$(TARGET_NAME)";
				SWIFT_VERSION = 5.0;
				TARGETED_DEVICE_FAMILY = "1,2";
			};
			name = Debug;
		};
		5A40EB4A26080CD8002493FA /* Release */ = {
			isa = XCBuildConfiguration;
			baseConfigurationReference = F14E0DAC4F1462B2525BC035 /* Pods-MealSnap.release.xcconfig */;
			buildSettings = {
				ASSETCATALOG_COMPILER_APPICON_NAME = AppIcon;
				ASSETCATALOG_COMPILER_GLOBAL_ACCENT_COLOR_NAME = AccentColor;
				CODE_SIGN_STYLE = Automatic;
				INFOPLIST_FILE = MealSnap/Info.plist;
				LD_RUNPATH_SEARCH_PATHS = (
					"$(inherited)",
					"@executable_path/Frameworks",
				);
				PRODUCT_BUNDLE_IDENTIFIER = io.shikdertech.MealSnap;
				PRODUCT_NAME = "$(TARGET_NAME)";
				SWIFT_VERSION = 5.0;
				TARGETED_DEVICE_FAMILY = "1,2";
			};
			name = Release;
		};
		5A40EB4C26080CD8002493FA /* Debug */ = {
			isa = XCBuildConfiguration;
			baseConfigurationReference = 9AF9BCEA5996DC52B0C12720 /* Pods-MealSnapTests.debug.xcconfig */;
			buildSettings = {
				ALWAYS_EMBED_SWIFT_STANDARD_LIBRARIES = YES;
				BUNDLE_LOADER = "$(TEST_HOST)";
				CODE_SIGN_STYLE = Automatic;
				INFOPLIST_FILE = MealSnapTests/Info.plist;
				IPHONEOS_DEPLOYMENT_TARGET = 14.4;
				LD_RUNPATH_SEARCH_PATHS = (
					"$(inherited)",
					"@executable_path/Frameworks",
					"@loader_path/Frameworks",
				);
				PRODUCT_BUNDLE_IDENTIFIER = io.shikdertech.MealSnapTests;
				PRODUCT_NAME = "$(TARGET_NAME)";
				SWIFT_VERSION = 5.0;
				TARGETED_DEVICE_FAMILY = "1,2";
				TEST_HOST = "$(BUILT_PRODUCTS_DIR)/MealSnap.app/MealSnap";
			};
			name = Debug;
		};
		5A40EB4D26080CD8002493FA /* Release */ = {
			isa = XCBuildConfiguration;
			baseConfigurationReference = 03DF2D438C8C0292E4547200 /* Pods-MealSnapTests.release.xcconfig */;
			buildSettings = {
				ALWAYS_EMBED_SWIFT_STANDARD_LIBRARIES = YES;
				BUNDLE_LOADER = "$(TEST_HOST)";
				CODE_SIGN_STYLE = Automatic;
				INFOPLIST_FILE = MealSnapTests/Info.plist;
				IPHONEOS_DEPLOYMENT_TARGET = 14.4;
				LD_RUNPATH_SEARCH_PATHS = (
					"$(inherited)",
					"@executable_path/Frameworks",
					"@loader_path/Frameworks",
				);
				PRODUCT_BUNDLE_IDENTIFIER = io.shikdertech.MealSnapTests;
				PRODUCT_NAME = "$(TARGET_NAME)";
				SWIFT_VERSION = 5.0;
				TARGETED_DEVICE_FAMILY = "1,2";
				TEST_HOST = "$(BUILT_PRODUCTS_DIR)/MealSnap.app/MealSnap";
			};
			name = Release;
		};
		5A40EB4F26080CD8002493FA /* Debug */ = {
			isa = XCBuildConfiguration;
			baseConfigurationReference = E73CFB796DDB256D289BF8FE /* Pods-MealSnap-MealSnapUITests.debug.xcconfig */;
			buildSettings = {
				ALWAYS_EMBED_SWIFT_STANDARD_LIBRARIES = YES;
				CODE_SIGN_STYLE = Automatic;
				INFOPLIST_FILE = MealSnapUITests/Info.plist;
				LD_RUNPATH_SEARCH_PATHS = (
					"$(inherited)",
					"@executable_path/Frameworks",
					"@loader_path/Frameworks",
				);
				PRODUCT_BUNDLE_IDENTIFIER = io.shikdertech.MealSnapUITests;
				PRODUCT_NAME = "$(TARGET_NAME)";
				SWIFT_VERSION = 5.0;
				TARGETED_DEVICE_FAMILY = "1,2";
				TEST_TARGET_NAME = MealSnap;
			};
			name = Debug;
		};
		5A40EB5026080CD8002493FA /* Release */ = {
			isa = XCBuildConfiguration;
			baseConfigurationReference = 12669E5D750E85766380725E /* Pods-MealSnap-MealSnapUITests.release.xcconfig */;
			buildSettings = {
				ALWAYS_EMBED_SWIFT_STANDARD_LIBRARIES = YES;
				CODE_SIGN_STYLE = Automatic;
				INFOPLIST_FILE = MealSnapUITests/Info.plist;
				LD_RUNPATH_SEARCH_PATHS = (
					"$(inherited)",
					"@executable_path/Frameworks",
					"@loader_path/Frameworks",
				);
				PRODUCT_BUNDLE_IDENTIFIER = io.shikdertech.MealSnapUITests;
				PRODUCT_NAME = "$(TARGET_NAME)";
				SWIFT_VERSION = 5.0;
				TARGETED_DEVICE_FAMILY = "1,2";
				TEST_TARGET_NAME = MealSnap;
			};
			name = Release;
		};
/* End XCBuildConfiguration section */

/* Begin XCConfigurationList section */
		5A40EB1926080CD7002493FA /* Build configuration list for PBXProject "MealSnap" */ = {
			isa = XCConfigurationList;
			buildConfigurations = (
				5A40EB4626080CD8002493FA /* Debug */,
				5A40EB4726080CD8002493FA /* Release */,
			);
			defaultConfigurationIsVisible = 0;
			defaultConfigurationName = Release;
		};
		5A40EB4826080CD8002493FA /* Build configuration list for PBXNativeTarget "MealSnap" */ = {
			isa = XCConfigurationList;
			buildConfigurations = (
				5A40EB4926080CD8002493FA /* Debug */,
				5A40EB4A26080CD8002493FA /* Release */,
			);
			defaultConfigurationIsVisible = 0;
			defaultConfigurationName = Release;
		};
		5A40EB4B26080CD8002493FA /* Build configuration list for PBXNativeTarget "MealSnapTests" */ = {
			isa = XCConfigurationList;
			buildConfigurations = (
				5A40EB4C26080CD8002493FA /* Debug */,
				5A40EB4D26080CD8002493FA /* Release */,
			);
			defaultConfigurationIsVisible = 0;
			defaultConfigurationName = Release;
		};
		5A40EB4E26080CD8002493FA /* Build configuration list for PBXNativeTarget "MealSnapUITests" */ = {
			isa = XCConfigurationList;
			buildConfigurations = (
				5A40EB4F26080CD8002493FA /* Debug */,
				5A40EB5026080CD8002493FA /* Release */,
			);
			defaultConfigurationIsVisible = 0;
			defaultConfigurationName = Release;
		};
/* End XCConfigurationList section */
	};
	rootObject = 5A40EB1626080CD7002493FA /* Project object */;
}
